
Microsoft Visual Studio Solution File, Format Version 12.00
# Visual Studio Version 17
VisualStudioVersion = 17.11.35222.181
MinimumVisualStudioVersion = 10.0.40219.1
Project("{FAE04EC0-301F-11D3-BF4B-00C04F79EFBC}") = "Tarea4.2", "Tarea4.2\Tarea4.2.csproj", "{029472FA-C07B-4410-9F64-8F294EB49F56}"
EndProject
Project("{9A19103F-16F7-4668-BE54-9A1E7A4F7556}") = "demo-gnoss-akademia-20-39", "clasesGeneradas\demo-gnoss-akademia-20-39.csproj", "{1C215E9B-F533-4D81-9CEA-D1CE762B96B7}"
EndProject
Global
	GlobalSection(SolutionConfigurationPlatforms) = preSolution
		Debug|Any CPU = Debug|Any CPU
		Release|Any CPU = Release|Any CPU
	EndGlobalSection
	GlobalSection(ProjectConfigurationPlatforms) = postSolution
		{029472FA-C07B-4410-9F64-8F294EB49F56}.Debug|Any CPU.ActiveCfg = Debug|Any CPU
		{029472FA-C07B-4410-9F64-8F294EB49F56}.Debug|Any CPU.Build.0 = Debug|Any CPU
		{029472FA-C07B-4410-9F64-8F294EB49F56}.Release|Any CPU.ActiveCfg = Release|Any CPU
		{029472FA-C07B-4410-9F64-8F294EB49F56}.Release|Any CPU.Build.0 = Release|Any CPU
		{1C215E9B-F533-4D81-9CEA-D1CE762B96B7}.Debug|Any CPU.ActiveCfg = Debug|Any CPU
		{1C215E9B-F533-4D81-9CEA-D1CE762B96B7}.Debug|Any CPU.Build.0 = Debug|Any CPU
		{1C215E9B-F533-4D81-9CEA-D1CE762B96B7}.Release|Any CPU.ActiveCfg = Release|Any CPU
		{1C215E9B-F533-4D81-9CEA-D1CE762B96B7}.Release|Any CPU.Build.0 = Release|Any CPU
	EndGlobalSection
	GlobalSection(SolutionProperties) = preSolution
		HideSolutionNode = FALSE
	EndGlobalSection
	GlobalSection(ExtensibilityGlobals) = postSolution
		SolutionGuid = {EAFDF6DB-88F5-4D7A-8989-17D84A3ABB12}
	EndGlobalSection
EndGlobal
